
Microsoft Visual Studio Solution File, Format Version 12.00
# Visual Studio Version 17
VisualStudioVersion = 17.2.32630.192
MinimumVisualStudioVersion = 10.0.40219.1
Project("{2150E333-8FDC-42A3-9474-1A3956D46DE8}") = "Solution Items", "Solution Items", "{7622F84B-8232-43FD-8367-0CD735C7E346}"
	ProjectSection(SolutionItems) = preProject
		README.md = README.md
	EndProjectSection
EndProject
Project("{9A19103F-16F7-4668-BE54-9A1E7A4F7556}") = "AccessibleAI.Bots.Tables", "AccessibleAI.Bots.Tables\AccessibleAI.Bots.Tables.csproj", "{C00E778B-05FD-4042-905A-59C61F2D8FA0}"
EndProject
Project("{9A19103F-16F7-4668-BE54-9A1E7A4F7556}") = "AccessibleAI.Bots.Blobs", "AccessibleAI.Bots.Blobs\AccessibleAI.Bots.Blobs.csproj", "{7A44A5B1-4697-49F3-89CB-B824C8FC4CCC}"
EndProject
Project("{9A19103F-16F7-4668-BE54-9A1E7A4F7556}") = "ChitChatToCluJsonConverter", "ChitChatToCluJsonConverter\ChitChatToCluJsonConverter.csproj", "{AABC99BF-ACD7-4371-9D85-933608CD8A3A}"
EndProject
Project("{9A19103F-16F7-4668-BE54-9A1E7A4F7556}") = "AccessibleAI.Bots.LanguageUnderstanding", "AccessibleAI.Bots.LanguageUnderstanding\AccessibleAI.Bots.LanguageUnderstanding.csproj", "{DCF2005A-0749-4C80-BA53-DB6A24D5A318}"
EndProject
Global
	GlobalSection(SolutionConfigurationPlatforms) = preSolution
		Debug|Any CPU = Debug|Any CPU
		Release|Any CPU = Release|Any CPU
	EndGlobalSection
	GlobalSection(ProjectConfigurationPlatforms) = postSolution
		{C00E778B-05FD-4042-905A-59C61F2D8FA0}.Debug|Any CPU.ActiveCfg = Debug|Any CPU
		{C00E778B-05FD-4042-905A-59C61F2D8FA0}.Debug|Any CPU.Build.0 = Debug|Any CPU
		{C00E778B-05FD-4042-905A-59C61F2D8FA0}.Release|Any CPU.ActiveCfg = Release|Any CPU
		{C00E778B-05FD-4042-905A-59C61F2D8FA0}.Release|Any CPU.Build.0 = Release|Any CPU
		{7A44A5B1-4697-49F3-89CB-B824C8FC4CCC}.Debug|Any CPU.ActiveCfg = Debug|Any CPU
		{7A44A5B1-4697-49F3-89CB-B824C8FC4CCC}.Debug|Any CPU.Build.0 = Debug|Any CPU
		{7A44A5B1-4697-49F3-89CB-B824C8FC4CCC}.Release|Any CPU.ActiveCfg = Release|Any CPU
		{7A44A5B1-4697-49F3-89CB-B824C8FC4CCC}.Release|Any CPU.Build.0 = Release|Any CPU
		{AABC99BF-ACD7-4371-9D85-933608CD8A3A}.Debug|Any CPU.ActiveCfg = Debug|Any CPU
		{AABC99BF-ACD7-4371-9D85-933608CD8A3A}.Debug|Any CPU.Build.0 = Debug|Any CPU
		{AABC99BF-ACD7-4371-9D85-933608CD8A3A}.Release|Any CPU.ActiveCfg = Release|Any CPU
		{AABC99BF-ACD7-4371-9D85-933608CD8A3A}.Release|Any CPU.Build.0 = Release|Any CPU
		{DCF2005A-0749-4C80-BA53-DB6A24D5A318}.Debug|Any CPU.ActiveCfg = Debug|Any CPU
		{DCF2005A-0749-4C80-BA53-DB6A24D5A318}.Debug|Any CPU.Build.0 = Debug|Any CPU
		{DCF2005A-0749-4C80-BA53-DB6A24D5A318}.Release|Any CPU.ActiveCfg = Release|Any CPU
		{DCF2005A-0749-4C80-BA53-DB6A24D5A318}.Release|Any CPU.Build.0 = Release|Any CPU
	EndGlobalSection
	GlobalSection(SolutionProperties) = preSolution
		HideSolutionNode = FALSE
	EndGlobalSection
	GlobalSection(ExtensibilityGlobals) = postSolution
		SolutionGuid = {AE90BB51-030A-47D8-BEBA-F150BA8A2B19}
	EndGlobalSection
EndGlobal
