
Microsoft Visual Studio Solution File, Format Version 12.00
# Visual Studio Version 17
VisualStudioVersion = 17.2.32630.192
MinimumVisualStudioVersion = 10.0.40219.1
Project("{9A19103F-16F7-4668-BE54-9A1E7A4F7556}") = "AccessibleAI.Bots.CluHelpers", "MattEland.Bots.CluHelpers\AccessibleAI.Bots.CluHelpers.csproj", "{1C6A3D57-7330-4413-AFAB-0940482070E1}"
EndProject
Project("{9A19103F-16F7-4668-BE54-9A1E7A4F7556}") = "AccessibleAI.Bots.Definitions.Tables", "MattEland.Bots.Definitions.Tables\AccessibleAI.Bots.Definitions.Tables.csproj", "{2861EA63-D486-4797-AF0B-272756CB99F1}"
EndProject
Project("{2150E333-8FDC-42A3-9474-1A3956D46DE8}") = "Solution Items", "Solution Items", "{7622F84B-8232-43FD-8367-0CD735C7E346}"
	ProjectSection(SolutionItems) = preProject
		README.md = README.md
	EndProjectSection
EndProject
Global
	GlobalSection(SolutionConfigurationPlatforms) = preSolution
		Debug|Any CPU = Debug|Any CPU
		Release|Any CPU = Release|Any CPU
	EndGlobalSection
	GlobalSection(ProjectConfigurationPlatforms) = postSolution
		{1C6A3D57-7330-4413-AFAB-0940482070E1}.Debug|Any CPU.ActiveCfg = Debug|Any CPU
		{1C6A3D57-7330-4413-AFAB-0940482070E1}.Debug|Any CPU.Build.0 = Debug|Any CPU
		{1C6A3D57-7330-4413-AFAB-0940482070E1}.Release|Any CPU.ActiveCfg = Release|Any CPU
		{1C6A3D57-7330-4413-AFAB-0940482070E1}.Release|Any CPU.Build.0 = Release|Any CPU
		{2861EA63-D486-4797-AF0B-272756CB99F1}.Debug|Any CPU.ActiveCfg = Debug|Any CPU
		{2861EA63-D486-4797-AF0B-272756CB99F1}.Debug|Any CPU.Build.0 = Debug|Any CPU
		{2861EA63-D486-4797-AF0B-272756CB99F1}.Release|Any CPU.ActiveCfg = Release|Any CPU
		{2861EA63-D486-4797-AF0B-272756CB99F1}.Release|Any CPU.Build.0 = Release|Any CPU
	EndGlobalSection
	GlobalSection(SolutionProperties) = preSolution
		HideSolutionNode = FALSE
	EndGlobalSection
	GlobalSection(ExtensibilityGlobals) = postSolution
		SolutionGuid = {AE90BB51-030A-47D8-BEBA-F150BA8A2B19}
	EndGlobalSection
EndGlobal
